
Microsoft Visual Studio Solution File, Format Version 12.00
# Visual Studio Version 17
VisualStudioVersion = 17.9.34723.18
MinimumVisualStudioVersion = 10.0.40219.1
Project("{F184B08F-C81C-45F6-A57F-5ABD9991F28F}") = "OvenTimer", "OvenTimer\OvenTimer.vbproj", "{3615B9BC-9959-45B6-8C8D-06D36DF9FC3B}"
EndProject
Global
	GlobalSection(SolutionConfigurationPlatforms) = preSolution
		Debug|Any CPU = Debug|Any CPU
		Release|Any CPU = Release|Any CPU
	EndGlobalSection
	GlobalSection(ProjectConfigurationPlatforms) = postSolution
		{3615B9BC-9959-45B6-8C8D-06D36DF9FC3B}.Debug|Any CPU.ActiveCfg = Debug|Any CPU
		{3615B9BC-9959-45B6-8C8D-06D36DF9FC3B}.Debug|Any CPU.Build.0 = Debug|Any CPU
		{3615B9BC-9959-45B6-8C8D-06D36DF9FC3B}.Release|Any CPU.ActiveCfg = Release|Any CPU
		{3615B9BC-9959-45B6-8C8D-06D36DF9FC3B}.Release|Any CPU.Build.0 = Release|Any CPU
	EndGlobalSection
	GlobalSection(SolutionProperties) = preSolution
		HideSolutionNode = FALSE
	EndGlobalSection
	GlobalSection(ExtensibilityGlobals) = postSolution
		SolutionGuid = {539DE852-0BBE-45B3-8717-5733A751BE8C}
	EndGlobalSection
EndGlobal
